
Microsoft Visual Studio Solution File, Format Version 12.00
# Visual Studio Version 16
VisualStudioVersion = 16.0.29418.71
MinimumVisualStudioVersion = 10.0.40219.1
Project("{FAE04EC0-301F-11D3-BF4B-00C04F79EFBC}") = "winWork1_1", "winWork1_1\winWork1_1.csproj", "{49E3EFF8-30EE-46A7-B378-36367DF30C58}"
EndProject
Global
	GlobalSection(SolutionConfigurationPlatforms) = preSolution
		Debug|Any CPU = Debug|Any CPU
		Release|Any CPU = Release|Any CPU
	EndGlobalSection
	GlobalSection(ProjectConfigurationPlatforms) = postSolution
		{49E3EFF8-30EE-46A7-B378-36367DF30C58}.Debug|Any CPU.ActiveCfg = Debug|Any CPU
		{49E3EFF8-30EE-46A7-B378-36367DF30C58}.Debug|Any CPU.Build.0 = Debug|Any CPU
		{49E3EFF8-30EE-46A7-B378-36367DF30C58}.Release|Any CPU.ActiveCfg = Release|Any CPU
		{49E3EFF8-30EE-46A7-B378-36367DF30C58}.Release|Any CPU.Build.0 = Release|Any CPU
	EndGlobalSection
	GlobalSection(SolutionProperties) = preSolution
		HideSolutionNode = FALSE
	EndGlobalSection
	GlobalSection(ExtensibilityGlobals) = postSolution
		SolutionGuid = {E259F068-3AB7-4146-829B-695A91CC5964}
	EndGlobalSection
EndGlobal
